
Microsoft Visual Studio Solution File, Format Version 12.00
# Visual Studio Version 16
VisualStudioVersion = 16.0.30330.147
MinimumVisualStudioVersion = 10.0.40219.1
Project("{FAE04EC0-301F-11D3-BF4B-00C04F79EFBC}") = "MethodsLab1", "MethodsLab1\MethodsLab1.csproj", "{BF977553-D0C1-4F40-8E80-0887003362EA}"
EndProject
Global
	GlobalSection(SolutionConfigurationPlatforms) = preSolution
		Debug|Any CPU = Debug|Any CPU
		Release|Any CPU = Release|Any CPU
	EndGlobalSection
	GlobalSection(ProjectConfigurationPlatforms) = postSolution
		{BF977553-D0C1-4F40-8E80-0887003362EA}.Debug|Any CPU.ActiveCfg = Debug|Any CPU
		{BF977553-D0C1-4F40-8E80-0887003362EA}.Debug|Any CPU.Build.0 = Debug|Any CPU
		{BF977553-D0C1-4F40-8E80-0887003362EA}.Release|Any CPU.ActiveCfg = Release|Any CPU
		{BF977553-D0C1-4F40-8E80-0887003362EA}.Release|Any CPU.Build.0 = Release|Any CPU
	EndGlobalSection
	GlobalSection(SolutionProperties) = preSolution
		HideSolutionNode = FALSE
	EndGlobalSection
	GlobalSection(ExtensibilityGlobals) = postSolution
		SolutionGuid = {2A1187FC-6B81-472E-9B30-BD9D108494BB}
	EndGlobalSection
EndGlobal
